// !$*UTF8*$!
{
	archiveVersion = 1;
	classes = {
	};
	objectVersion = 56;
	objects = {

/* Begin PBXBuildFile section */
		1104283B20CFB24006ECE5CB /* Pods_Sciflare.framework in Frameworks */ = {isa = PBXBuildFile; fileRef = AEC288A3D4D005A236A9CECA /* Pods_Sciflare.framework */; };
		183BC6BB2A55E5F700C6A56B /* HomeView.swift in Sources */ = {isa = PBXBuildFile; fileRef = 183BC6BA2A55E5F700C6A56B /* HomeView.swift */; };
		183BC6BD2A55E65E00C6A56B /* studentList.swift in Sources */ = {isa = PBXBuildFile; fileRef = 183BC6BC2A55E65E00C6A56B /* studentList.swift */; };
		183BC6BF2A55E68A00C6A56B /* mapView.swift in Sources */ = {isa = PBXBuildFile; fileRef = 183BC6BE2A55E68A00C6A56B /* mapView.swift */; };
		183BC6C32A55E76800C6A56B /* networkCall.swift in Sources */ = {isa = PBXBuildFile; fileRef = 183BC6C02A55E76700C6A56B /* networkCall.swift */; };
		183BC6C42A55E76800C6A56B /* decoder.swift in Sources */ = {isa = PBXBuildFile; fileRef = 183BC6C12A55E76800C6A56B /* decoder.swift */; };
		183BC6C52A55E76800C6A56B /* endpoint.swift in Sources */ = {isa = PBXBuildFile; fileRef = 183BC6C22A55E76800C6A56B /* endpoint.swift */; };
		183BC6C72A55E7A900C6A56B /* model.swift in Sources */ = {isa = PBXBuildFile; fileRef = 183BC6C62A55E7A900C6A56B /* model.swift */; };
		183BC6CD2A55F2FE00C6A56B /* editDetail.swift in Sources */ = {isa = PBXBuildFile; fileRef = 183BC6CC2A55F2FE00C6A56B /* editDetail.swift */; };
		183BC6D02A5694E500C6A56B /* database.swift in Sources */ = {isa = PBXBuildFile; fileRef = 183BC6CF2A5694E500C6A56B /* database.swift */; };
		183BC6D32A56E49F00C6A56B /* AppDelegate.swift in Sources */ = {isa = PBXBuildFile; fileRef = 183BC6D22A56E49F00C6A56B /* AppDelegate.swift */; };
		183BC6D62A56E9C300C6A56B /* locationService.swift in Sources */ = {isa = PBXBuildFile; fileRef = 183BC6D52A56E9C300C6A56B /* locationService.swift */; };
		18C6743A2A55E3D700870660 /* SciflareApp.swift in Sources */ = {isa = PBXBuildFile; fileRef = 18C674392A55E3D700870660 /* SciflareApp.swift */; };
		18C6743E2A55E3DA00870660 /* Assets.xcassets in Resources */ = {isa = PBXBuildFile; fileRef = 18C6743D2A55E3DA00870660 /* Assets.xcassets */; };
		18C674412A55E3DA00870660 /* Preview Assets.xcassets in Resources */ = {isa = PBXBuildFile; fileRef = 18C674402A55E3DA00870660 /* Preview Assets.xcassets */; };
/* End PBXBuildFile section */

/* Begin PBXFileReference section */
		183BC6BA2A55E5F700C6A56B /* HomeView.swift */ = {isa = PBXFileReference; lastKnownFileType = sourcecode.swift; path = HomeView.swift; sourceTree = "<group>"; };
		183BC6BC2A55E65E00C6A56B /* studentList.swift */ = {isa = PBXFileReference; lastKnownFileType = sourcecode.swift; path = studentList.swift; sourceTree = "<group>"; };
		183BC6BE2A55E68A00C6A56B /* mapView.swift */ = {isa = PBXFileReference; lastKnownFileType = sourcecode.swift; path = mapView.swift; sourceTree = "<group>"; };
		183BC6C02A55E76700C6A56B /* networkCall.swift */ = {isa = PBXFileReference; fileEncoding = 4; lastKnownFileType = sourcecode.swift; path = networkCall.swift; sourceTree = "<group>"; };
		183BC6C12A55E76800C6A56B /* decoder.swift */ = {isa = PBXFileReference; fileEncoding = 4; lastKnownFileType = sourcecode.swift; path = decoder.swift; sourceTree = "<group>"; };
		183BC6C22A55E76800C6A56B /* endpoint.swift */ = {isa = PBXFileReference; fileEncoding = 4; lastKnownFileType = sourcecode.swift; path = endpoint.swift; sourceTree = "<group>"; };
		183BC6C62A55E7A900C6A56B /* model.swift */ = {isa = PBXFileReference; fileEncoding = 4; lastKnownFileType = sourcecode.swift; path = model.swift; sourceTree = "<group>"; };
		183BC6CC2A55F2FE00C6A56B /* editDetail.swift */ = {isa = PBXFileReference; lastKnownFileType = sourcecode.swift; path = editDetail.swift; sourceTree = "<group>"; };
		183BC6CF2A5694E500C6A56B /* database.swift */ = {isa = PBXFileReference; lastKnownFileType = sourcecode.swift; path = database.swift; sourceTree = "<group>"; };
		183BC6D12A56DE6C00C6A56B /* Info.plist */ = {isa = PBXFileReference; lastKnownFileType = text.plist; path = Info.plist; sourceTree = "<group>"; };
		183BC6D22A56E49F00C6A56B /* AppDelegate.swift */ = {isa = PBXFileReference; lastKnownFileType = sourcecode.swift; path = AppDelegate.swift; sourceTree = "<group>"; };
		183BC6D52A56E9C300C6A56B /* locationService.swift */ = {isa = PBXFileReference; lastKnownFileType = sourcecode.swift; path = locationService.swift; sourceTree = "<group>"; };
		18C674362A55E3D700870660 /* Sciflare.app */ = {isa = PBXFileReference; explicitFileType = wrapper.application; includeInIndex = 0; path = Sciflare.app; sourceTree = BUILT_PRODUCTS_DIR; };
		18C674392A55E3D700870660 /* SciflareApp.swift */ = {isa = PBXFileReference; lastKnownFileType = sourcecode.swift; path = SciflareApp.swift; sourceTree = "<group>"; };
		18C6743D2A55E3DA00870660 /* Assets.xcassets */ = {isa = PBXFileReference; lastKnownFileType = folder.assetcatalog; path = Assets.xcassets; sourceTree = "<group>"; };
		18C674402A55E3DA00870660 /* Preview Assets.xcassets */ = {isa = PBXFileReference; lastKnownFileType = folder.assetcatalog; path = "Preview Assets.xcassets"; sourceTree = "<group>"; };
		3503DBE1F4A07030EA4C10AB /* Pods-Sciflare.debug.xcconfig */ = {isa = PBXFileReference; includeInIndex = 1; lastKnownFileType = text.xcconfig; name = "Pods-Sciflare.debug.xcconfig"; path = "Target Support Files/Pods-Sciflare/Pods-Sciflare.debug.xcconfig"; sourceTree = "<group>"; };
		38A5D21521CB5CB606EF2671 /* Pods-Sciflare.release.xcconfig */ = {isa = PBXFileReference; includeInIndex = 1; lastKnownFileType = text.xcconfig; name = "Pods-Sciflare.release.xcconfig"; path = "Target Support Files/Pods-Sciflare/Pods-Sciflare.release.xcconfig"; sourceTree = "<group>"; };
		AEC288A3D4D005A236A9CECA /* Pods_Sciflare.framework */ = {isa = PBXFileReference; explicitFileType = wrapper.framework; includeInIndex = 0; path = Pods_Sciflare.framework; sourceTree = BUILT_PRODUCTS_DIR; };
/* End PBXFileReference section */

/* Begin PBXFrameworksBuildPhase section */
		18C674332A55E3D700870660 /* Frameworks */ = {
			isa = PBXFrameworksBuildPhase;
			buildActionMask = 2147483647;
			files = (
				1104283B20CFB24006ECE5CB /* Pods_Sciflare.framework in Frameworks */,
			);
			runOnlyForDeploymentPostprocessing = 0;
		};
/* End PBXFrameworksBuildPhase section */

/* Begin PBXGroup section */
		183BC6C82A55E7C200C6A56B /* Network */ = {
			isa = PBXGroup;
			children = (
				183BC6C22A55E76800C6A56B /* endpoint.swift */,
				183BC6C02A55E76700C6A56B /* networkCall.swift */,
			);
			path = Network;
			sourceTree = "<group>";
		};
		183BC6C92A55E7E100C6A56B /* Model */ = {
			isa = PBXGroup;
			children = (
				183BC6C62A55E7A900C6A56B /* model.swift */,
			);
			path = Model;
			sourceTree = "<group>";
		};
		183BC6CA2A55E7FD00C6A56B /* Views */ = {
			isa = PBXGroup;
			children = (
				183BC6BA2A55E5F700C6A56B /* HomeView.swift */,
				183BC6BC2A55E65E00C6A56B /* studentList.swift */,
				183BC6BE2A55E68A00C6A56B /* mapView.swift */,
				183BC6CC2A55F2FE00C6A56B /* editDetail.swift */,
			);
			path = Views;
			sourceTree = "<group>";
		};
		183BC6CB2A55E85E00C6A56B /* Decoder */ = {
			isa = PBXGroup;
			children = (
				183BC6C12A55E76800C6A56B /* decoder.swift */,
			);
			path = Decoder;
			sourceTree = "<group>";
		};
		183BC6CE2A5692B300C6A56B /* Database */ = {
			isa = PBXGroup;
			children = (
				183BC6CF2A5694E500C6A56B /* database.swift */,
			);
			path = Database;
			sourceTree = "<group>";
		};
		183BC6D42A56E9B300C6A56B /* Location */ = {
			isa = PBXGroup;
			children = (
				183BC6D52A56E9C300C6A56B /* locationService.swift */,
			);
			path = Location;
			sourceTree = "<group>";
		};
		18C6742D2A55E3D700870660 = {
			isa = PBXGroup;
			children = (
				183BC6D22A56E49F00C6A56B /* AppDelegate.swift */,
				18C674382A55E3D700870660 /* Sciflare */,
				18C674372A55E3D700870660 /* Products */,
				834DF6ED5CEBA9A14B1BE78A /* Pods */,
				747BFD6F6F0F5B675D598BE1 /* Frameworks */,
			);
			sourceTree = "<group>";
		};
		18C674372A55E3D700870660 /* Products */ = {
			isa = PBXGroup;
			children = (
				18C674362A55E3D700870660 /* Sciflare.app */,
			);
			name = Products;
			sourceTree = "<group>";
		};
		18C674382A55E3D700870660 /* Sciflare */ = {
			isa = PBXGroup;
			children = (
				183BC6D42A56E9B300C6A56B /* Location */,
				183BC6D12A56DE6C00C6A56B /* Info.plist */,
				183BC6CE2A5692B300C6A56B /* Database */,
				183BC6CB2A55E85E00C6A56B /* Decoder */,
				183BC6CA2A55E7FD00C6A56B /* Views */,
				183BC6C92A55E7E100C6A56B /* Model */,
				183BC6C82A55E7C200C6A56B /* Network */,
				18C674392A55E3D700870660 /* SciflareApp.swift */,
				18C6743D2A55E3DA00870660 /* Assets.xcassets */,
				18C6743F2A55E3DA00870660 /* Preview Content */,
			);
			path = Sciflare;
			sourceTree = "<group>";
		};
		18C6743F2A55E3DA00870660 /* Preview Content */ = {
			isa = PBXGroup;
			children = (
				18C674402A55E3DA00870660 /* Preview Assets.xcassets */,
			);
			path = "Preview Content";
			sourceTree = "<group>";
		};
		747BFD6F6F0F5B675D598BE1 /* Frameworks */ = {
			isa = PBXGroup;
			children = (
				AEC288A3D4D005A236A9CECA /* Pods_Sciflare.framework */,
			);
			name = Frameworks;
			sourceTree = "<group>";
		};
		834DF6ED5CEBA9A14B1BE78A /* Pods */ = {
			isa = PBXGroup;
			children = (
				3503DBE1F4A07030EA4C10AB /* Pods-Sciflare.debug.xcconfig */,
				38A5D21521CB5CB606EF2671 /* Pods-Sciflare.release.xcconfig */,
			);
			path = Pods;
			sourceTree = "<group>";
		};
/* End PBXGroup section */

/* Begin PBXNativeTarget section */
		18C674352A55E3D700870660 /* Sciflare */ = {
			isa = PBXNativeTarget;
			buildConfigurationList = 18C674442A55E3DA00870660 /* Build configuration list for PBXNativeTarget "Sciflare" */;
			buildPhases = (
				1D87E07BEF42A21F3A951EEE /* [CP] Check Pods Manifest.lock */,
				18C674322A55E3D700870660 /* Sources */,
				18C674332A55E3D700870660 /* Frameworks */,
				18C674342A55E3D700870660 /* Resources */,
			);
			buildRules = (
			);
			dependencies = (
			);
			name = Sciflare;
			productName = Sciflare;
			productReference = 18C674362A55E3D700870660 /* Sciflare.app */;
			productType = "com.apple.product-type.application";
		};
/* End PBXNativeTarget section */

/* Begin PBXProject section */
		18C6742E2A55E3D700870660 /* Project object */ = {
			isa = PBXProject;
			attributes = {
				BuildIndependentTargetsInParallel = 1;
				LastSwiftUpdateCheck = 1420;
				LastUpgradeCheck = 1420;
				TargetAttributes = {
					18C674352A55E3D700870660 = {
						CreatedOnToolsVersion = 14.2;
					};
				};
			};
			buildConfigurationList = 18C674312A55E3D700870660 /* Build configuration list for PBXProject "Sciflare" */;
			compatibilityVersion = "Xcode 14.0";
			developmentRegion = en;
			hasScannedForEncodings = 0;
			knownRegions = (
				en,
				Base,
			);
			mainGroup = 18C6742D2A55E3D700870660;
			productRefGroup = 18C674372A55E3D700870660 /* Products */;
			projectDirPath = "";
			projectRoot = "";
			targets = (
				18C674352A55E3D700870660 /* Sciflare */,
			);
		};
/* End PBXProject section */

/* Begin PBXResourcesBuildPhase section */
		18C674342A55E3D700870660 /* Resources */ = {
			isa = PBXResourcesBuildPhase;
			buildActionMask = 2147483647;
			files = (
				18C674412A55E3DA00870660 /* Preview Assets.xcassets in Resources */,
				18C6743E2A55E3DA00870660 /* Assets.xcassets in Resources */,
			);
			runOnlyForDeploymentPostprocessing = 0;
		};
/* End PBXResourcesBuildPhase section */

/* Begin PBXShellScriptBuildPhase section */
		1D87E07BEF42A21F3A951EEE /* [CP] Check Pods Manifest.lock */ = {
			isa = PBXShellScriptBuildPhase;
			buildActionMask = 2147483647;
			files = (
			);
			inputFileListPaths = (
			);
			inputPaths = (
				"${PODS_PODFILE_DIR_PATH}/Podfile.lock",
				"${PODS_ROOT}/Manifest.lock",
			);
			name = "[CP] Check Pods Manifest.lock";
			outputFileListPaths = (
			);
			outputPaths = (
				"$(DERIVED_FILE_DIR)/Pods-Sciflare-checkManifestLockResult.txt",
			);
			runOnlyForDeploymentPostprocessing = 0;
			shellPath = /bin/sh;
			shellScript = "diff \"${PODS_PODFILE_DIR_PATH}/Podfile.lock\" \"${PODS_ROOT}/Manifest.lock\" > /dev/null\nif [ $? != 0 ] ; then\n    # print error to STDERR\n    echo \"error: The sandbox is not in sync with the Podfile.lock. Run 'pod install' or update your CocoaPods installation.\" >&2\n    exit 1\nfi\n# This output is used by Xcode 'outputs' to avoid re-running this script phase.\necho \"SUCCESS\" > \"${SCRIPT_OUTPUT_FILE_0}\"\n";
			showEnvVarsInLog = 0;
		};
/* End PBXShellScriptBuildPhase section */

/* Begin PBXSourcesBuildPhase section */
		18C674322A55E3D700870660 /* Sources */ = {
			isa = PBXSourcesBuildPhase;
			buildActionMask = 2147483647;
			files = (
				183BC6D32A56E49F00C6A56B /* AppDelegate.swift in Sources */,
				183BC6C42A55E76800C6A56B /* decoder.swift in Sources */,
				183BC6C52A55E76800C6A56B /* endpoint.swift in Sources */,
				18C6743A2A55E3D700870660 /* SciflareApp.swift in Sources */,
				183BC6CD2A55F2FE00C6A56B /* editDetail.swift in Sources */,
				183BC6BF2A55E68A00C6A56B /* mapView.swift in Sources */,
				183BC6D62A56E9C300C6A56B /* locationService.swift in Sources */,
				183BC6BD2A55E65E00C6A56B /* studentList.swift in Sources */,
				183BC6BB2A55E5F700C6A56B /* HomeView.swift in Sources */,
				183BC6C32A55E76800C6A56B /* networkCall.swift in Sources */,
				183BC6D02A5694E500C6A56B /* database.swift in Sources */,
				183BC6C72A55E7A900C6A56B /* model.swift in Sources */,
			);
			runOnlyForDeploymentPostprocessing = 0;
		};
/* End PBXSourcesBuildPhase section */

/* Begin XCBuildConfiguration section */
		18C674422A55E3DA00870660 /* Debug */ = {
			isa = XCBuildConfiguration;
			buildSettings = {
				ALWAYS_SEARCH_USER_PATHS = NO;
				CLANG_ANALYZER_NONNULL = YES;
				CLANG_ANALYZER_NUMBER_OBJECT_CONVERSION = YES_AGGRESSIVE;
				CLANG_CXX_LANGUAGE_STANDARD = "gnu++20";
				CLANG_ENABLE_MODULES = YES;
				CLANG_ENABLE_OBJC_ARC = YES;
				CLANG_ENABLE_OBJC_WEAK = YES;
				CLANG_WARN_BLOCK_CAPTURE_AUTORELEASING = YES;
				CLANG_WARN_BOOL_CONVERSION = YES;
				CLANG_WARN_COMMA = YES;
				CLANG_WARN_CONSTANT_CONVERSION = YES;
				CLANG_WARN_DEPRECATED_OBJC_IMPLEMENTATIONS = YES;
				CLANG_WARN_DIRECT_OBJC_ISA_USAGE = YES_ERROR;
				CLANG_WARN_DOCUMENTATION_COMMENTS = YES;
				CLANG_WARN_EMPTY_BODY = YES;
				CLANG_WARN_ENUM_CONVERSION = YES;
				CLANG_WARN_INFINITE_RECURSION = YES;
				CLANG_WARN_INT_CONVERSION = YES;
				CLANG_WARN_NON_LITERAL_NULL_CONVERSION = YES;
				CLANG_WARN_OBJC_IMPLICIT_RETAIN_SELF = YES;
				CLANG_WARN_OBJC_LITERAL_CONVERSION = YES;
				CLANG_WARN_OBJC_ROOT_CLASS = YES_ERROR;
				CLANG_WARN_QUOTED_INCLUDE_IN_FRAMEWORK_HEADER = YES;
				CLANG_WARN_RANGE_LOOP_ANALYSIS = YES;
				CLANG_WARN_STRICT_PROTOTYPES = YES;
				CLANG_WARN_SUSPICIOUS_MOVE = YES;
				CLANG_WARN_UNGUARDED_AVAILABILITY = YES_AGGRESSIVE;
				CLANG_WARN_UNREACHABLE_CODE = YES;
				CLANG_WARN__DUPLICATE_METHOD_MATCH = YES;
				COPY_PHASE_STRIP = NO;
				DEBUG_INFORMATION_FORMAT = dwarf;
				ENABLE_STRICT_OBJC_MSGSEND = YES;
				ENABLE_TESTABILITY = YES;
				GCC_C_LANGUAGE_STANDARD = gnu11;
				GCC_DYNAMIC_NO_PIC = NO;
				GCC_NO_COMMON_BLOCKS = YES;
				GCC_OPTIMIZATION_LEVEL = 0;
				GCC_PREPROCESSOR_DEFINITIONS = (
					"DEBUG=1",
					"$(inherited)",
				);
				GCC_WARN_64_TO_32_BIT_CONVERSION = YES;
				GCC_WARN_ABOUT_RETURN_TYPE = YES_ERROR;
				GCC_WARN_UNDECLARED_SELECTOR = YES;
				GCC_WARN_UNINITIALIZED_AUTOS = YES_AGGRESSIVE;
				GCC_WARN_UNUSED_FUNCTION = YES;
				GCC_WARN_UNUSED_VARIABLE = YES;
				IPHONEOS_DEPLOYMENT_TARGET = 16.2;
				MTL_ENABLE_DEBUG_INFO = INCLUDE_SOURCE;
				MTL_FAST_MATH = YES;
				ONLY_ACTIVE_ARCH = YES;
				SDKROOT = iphoneos;
				SWIFT_ACTIVE_COMPILATION_CONDITIONS = DEBUG;
				SWIFT_OPTIMIZATION_LEVEL = "-Onone";
			};
			name = Debug;
		};
		18C674432A55E3DA00870660 /* Release */ = {
			isa = XCBuildConfiguration;
			buildSettings = {
				ALWAYS_SEARCH_USER_PATHS = NO;
				CLANG_ANALYZER_NONNULL = YES;
				CLANG_ANALYZER_NUMBER_OBJECT_CONVERSION = YES_AGGRESSIVE;
				CLANG_CXX_LANGUAGE_STANDARD = "gnu++20";
				CLANG_ENABLE_MODULES = YES;
				CLANG_ENABLE_OBJC_ARC = YES;
				CLANG_ENABLE_OBJC_WEAK = YES;
				CLANG_WARN_BLOCK_CAPTURE_AUTORELEASING = YES;
				CLANG_WARN_BOOL_CONVERSION = YES;
				CLANG_WARN_COMMA = YES;
				CLANG_WARN_CONSTANT_CONVERSION = YES;
				CLANG_WARN_DEPRECATED_OBJC_IMPLEMENTATIONS = YES;
				CLANG_WARN_DIRECT_OBJC_ISA_USAGE = YES_ERROR;
				CLANG_WARN_DOCUMENTATION_COMMENTS = YES;
				CLANG_WARN_EMPTY_BODY = YES;
				CLANG_WARN_ENUM_CONVERSION = YES;
				CLANG_WARN_INFINITE_RECURSION = YES;
				CLANG_WARN_INT_CONVERSION = YES;
				CLANG_WARN_NON_LITERAL_NULL_CONVERSION = YES;
				CLANG_WARN_OBJC_IMPLICIT_RETAIN_SELF = YES;
				CLANG_WARN_OBJC_LITERAL_CONVERSION = YES;
				CLANG_WARN_OBJC_ROOT_CLASS = YES_ERROR;
				CLANG_WARN_QUOTED_INCLUDE_IN_FRAMEWORK_HEADER = YES;
				CLANG_WARN_RANGE_LOOP_ANALYSIS = YES;
				CLANG_WARN_STRICT_PROTOTYPES = YES;
				CLANG_WARN_SUSPICIOUS_MOVE = YES;
				CLANG_WARN_UNGUARDED_AVAILABILITY = YES_AGGRESSIVE;
				CLANG_WARN_UNREACHABLE_CODE = YES;
				CLANG_WARN__DUPLICATE_METHOD_MATCH = YES;
				COPY_PHASE_STRIP = NO;
				DEBUG_INFORMATION_FORMAT = "dwarf-with-dsym";
				ENABLE_NS_ASSERTIONS = NO;
				ENABLE_STRICT_OBJC_MSGSEND = YES;
				GCC_C_LANGUAGE_STANDARD = gnu11;
				GCC_NO_COMMON_BLOCKS = YES;
				GCC_WARN_64_TO_32_BIT_CONVERSION = YES;
				GCC_WARN_ABOUT_RETURN_TYPE = YES_ERROR;
				GCC_WARN_UNDECLARED_SELECTOR = YES;
				GCC_WARN_UNINITIALIZED_AUTOS = YES_AGGRESSIVE;
				GCC_WARN_UNUSED_FUNCTION = YES;
				GCC_WARN_UNUSED_VARIABLE = YES;
				IPHONEOS_DEPLOYMENT_TARGET = 16.2;
				MTL_ENABLE_DEBUG_INFO = NO;
				MTL_FAST_MATH = YES;
				SDKROOT = iphoneos;
				SWIFT_COMPILATION_MODE = wholemodule;
				SWIFT_OPTIMIZATION_LEVEL = "-O";
				VALIDATE_PRODUCT = YES;
			};
			name = Release;
		};
		18C674452A55E3DA00870660 /* Debug */ = {
			isa = XCBuildConfiguration;
			baseConfigurationReference = 3503DBE1F4A07030EA4C10AB /* Pods-Sciflare.debug.xcconfig */;
			buildSettings = {
				ASSETCATALOG_COMPILER_APPICON_NAME = AppIcon;
				ASSETCATALOG_COMPILER_GLOBAL_ACCENT_COLOR_NAME = AccentColor;
				CODE_SIGN_STYLE = Automatic;
				CURRENT_PROJECT_VERSION = 1;
				DEVELOPMENT_ASSET_PATHS = "\"Sciflare/Preview Content\"";
				DEVELOPMENT_TEAM = C3AP3V7Y8P;
				ENABLE_PREVIEWS = YES;
				GENERATE_INFOPLIST_FILE = YES;
				INFOPLIST_FILE = Sciflare/Info.plist;
				INFOPLIST_KEY_NSLocationWhenInUseUsageDescription = "Allow this Applicaiton to use and show you current location";
				INFOPLIST_KEY_UIApplicationSceneManifest_Generation = YES;
				INFOPLIST_KEY_UIApplicationSupportsIndirectInputEvents = YES;
				INFOPLIST_KEY_UILaunchScreen_Generation = YES;
				INFOPLIST_KEY_UISupportedInterfaceOrientations_iPad = "UIInterfaceOrientationPortrait UIInterfaceOrientationPortraitUpsideDown UIInterfaceOrientationLandscapeLeft UIInterfaceOrientationLandscapeRight";
				INFOPLIST_KEY_UISupportedInterfaceOrientations_iPhone = "UIInterfaceOrientationPortrait UIInterfaceOrientationLandscapeLeft UIInterfaceOrientationLandscapeRight";
				LD_RUNPATH_SEARCH_PATHS = (
					"$(inherited)",
					"@executable_path/Frameworks",
				);
				MARKETING_VERSION = 1.0;
				PRODUCT_BUNDLE_IDENTIFIER = com.test.Sciflare.test;
				PRODUCT_NAME = "$(TARGET_NAME)";
				SWIFT_EMIT_LOC_STRINGS = YES;
				SWIFT_VERSION = 5.0;
				TARGETED_DEVICE_FAMILY = "1,2";
			};
			name = Debug;
		};
		18C674462A55E3DA00870660 /* Release */ = {
			isa = XCBuildConfiguration;
			baseConfigurationReference = 38A5D21521CB5CB606EF2671 /* Pods-Sciflare.release.xcconfig */;
			buildSettings = {
				ASSETCATALOG_COMPILER_APPICON_NAME = AppIcon;
				ASSETCATALOG_COMPILER_GLOBAL_ACCENT_COLOR_NAME = AccentColor;
				CODE_SIGN_STYLE = Automatic;
				CURRENT_PROJECT_VERSION = 1;
				DEVELOPMENT_ASSET_PATHS = "\"Sciflare/Preview Content\"";
				DEVELOPMENT_TEAM = C3AP3V7Y8P;
				ENABLE_PREVIEWS = YES;
				GENERATE_INFOPLIST_FILE = YES;
				INFOPLIST_FILE = Sciflare/Info.plist;
				INFOPLIST_KEY_NSLocationWhenInUseUsageDescription = "Allow this Applicaiton to use and show you current location";
				INFOPLIST_KEY_UIApplicationSceneManifest_Generation = YES;
				INFOPLIST_KEY_UIApplicationSupportsIndirectInputEvents = YES;
				INFOPLIST_KEY_UILaunchScreen_Generation = YES;
				INFOPLIST_KEY_UISupportedInterfaceOrientations_iPad = "UIInterfaceOrientationPortrait UIInterfaceOrientationPortraitUpsideDown UIInterfaceOrientationLandscapeLeft UIInterfaceOrientationLandscapeRight";
				INFOPLIST_KEY_UISupportedInterfaceOrientations_iPhone = "UIInterfaceOrientationPortrait UIInterfaceOrientationLandscapeLeft UIInterfaceOrientationLandscapeRight";
				LD_RUNPATH_SEARCH_PATHS = (
					"$(inherited)",
					"@executable_path/Frameworks",
				);
				MARKETING_VERSION = 1.0;
				PRODUCT_BUNDLE_IDENTIFIER = com.test.Sciflare.test;
				PRODUCT_NAME = "$(TARGET_NAME)";
				SWIFT_EMIT_LOC_STRINGS = YES;
				SWIFT_VERSION = 5.0;
				TARGETED_DEVICE_FAMILY = "1,2";
			};
			name = Release;
		};
/* End XCBuildConfiguration section */

/* Begin XCConfigurationList section */
		18C674312A55E3D700870660 /* Build configuration list for PBXProject "Sciflare" */ = {
			isa = XCConfigurationList;
			buildConfigurations = (
				18C674422A55E3DA00870660 /* Debug */,
				18C674432A55E3DA00870660 /* Release */,
			);
			defaultConfigurationIsVisible = 0;
			defaultConfigurationName = Release;
		};
		18C674442A55E3DA00870660 /* Build configuration list for PBXNativeTarget "Sciflare" */ = {
			isa = XCConfigurationList;
			buildConfigurations = (
				18C674452A55E3DA00870660 /* Debug */,
				18C674462A55E3DA00870660 /* Release */,
			);
			defaultConfigurationIsVisible = 0;
			defaultConfigurationName = Release;
		};
/* End XCConfigurationList section */
	};
	rootObject = 18C6742E2A55E3D700870660 /* Project object */;
}
